PODS:
  - GoogleToolboxForMac (2.1.4):
    - GoogleToolboxForMac/Core (= 2.1.4)
    - GoogleToolboxForMac/Defines (= 2.1.4)
    - GoogleToolboxForMac/GeometryUtils (= 2.1.4)
    - GoogleToolboxForMac/KVO (= 2.1.4)
    - GoogleToolboxForMac/Logger (= 2.1.4)
    - GoogleToolboxForMac/NSData+zlib (= 2.1.4)
    - GoogleToolboxForMac/NSDictionary+URLArguments (= 2.1.4)
    - GoogleToolboxForMac/NSFileHandle+UniqueName (= 2.1.4)
    - GoogleToolboxForMac/NSScanner+JSON (= 2.1.4)
    - GoogleToolboxForMac/NSString+HTML (= 2.1.4)
    - GoogleToolboxForMac/NSString+URLArguments (= 2.1.4)
    - GoogleToolboxForMac/NSString+XML (= 2.1.4)
    - GoogleToolboxForMac/NSThread+Blocks (= 2.1.4)
    - GoogleToolboxForMac/Regex (= 2.1.4)
    - GoogleToolboxForMac/StringEncoding (= 2.1.4)
    - GoogleToolboxForMac/SystemVersion (= 2.1.4)
    - GoogleToolboxForMac/URLBuilder (= 2.1.4)
  - GoogleToolboxForMac/Core (2.1.4):
    - GoogleToolboxForMac/Defines (= 2.1.4)
  - GoogleToolboxForMac/DebugUtils (2.1.4):
    - GoogleToolboxForMac/Defines (= 2.1.4)
  - GoogleToolboxForMac/Defines (2.1.4)
  - GoogleToolboxForMac/GeometryUtils (2.1.4):
    - GoogleToolboxForMac/Defines (= 2.1.4)
  - GoogleToolboxForMac/KVO (2.1.4):
    - GoogleToolboxForMac/Core (= 2.1.4)
    - GoogleToolboxForMac/DebugUtils (= 2.1.4)
  - GoogleToolboxForMac/Logger (2.1.4):
    - GoogleToolboxForMac/Defines (= 2.1.4)
  - GoogleToolboxForMac/NSData+zlib (2.1.4):
    - GoogleToolboxForMac/Defines (= 2.1.4)
  - GoogleToolboxForMac/NSDictionary+URLArguments (2.1.4):
    - GoogleToolboxForMac/DebugUtils (= 2.1.4)
    - GoogleToolboxForMac/Defines (= 2.1.4)
    - GoogleToolboxForMac/NSString+URLArguments (= 2.1.4)
  - GoogleToolboxForMac/NSFileHandle+UniqueName (2.1.4):
    - GoogleToolboxForMac/Defines (= 2.1.4)
  - GoogleToolboxForMac/NSScanner+JSON (2.1.4):
    - GoogleToolboxForMac/Defines (= 2.1.4)
  - GoogleToolboxForMac/NSString+HTML (2.1.4):
    - GoogleToolboxForMac/Core (= 2.1.4)
  - GoogleToolboxForMac/NSString+URLArguments (2.1.4)
  - GoogleToolboxForMac/NSString+XML (2.1.4):
    - GoogleToolboxForMac/Defines (= 2.1.4)
  - GoogleToolboxForMac/NSThread+Blocks (2.1.4):
    - GoogleToolboxForMac/Defines (= 2.1.4)
  - GoogleToolboxForMac/Regex (2.1.4):
    - GoogleToolboxForMac/Defines (= 2.1.4)
  - GoogleToolboxForMac/StringEncoding (2.1.4):
    - GoogleToolboxForMac/Defines (= 2.1.4)
  - GoogleToolboxForMac/SystemVersion (2.1.4):
    - GoogleToolboxForMac/Defines (= 2.1.4)
  - GoogleToolboxForMac/URLBuilder (2.1.4):
    - GoogleToolboxForMac/Core (= 2.1.4)
    - GoogleToolboxForMac/Defines (= 2.1.4)
    - GoogleToolboxForMac/NSDictionary+URLArguments (= 2.1.4)
    - GoogleToolboxForMac/NSString+URLArguments (= 2.1.4)
  - MyLayout (1.5.3)
  - SharkORM (2.1.3)

DEPENDENCIES:
  - GoogleToolboxForMac
  - MyLayout
  - SharkORM

SPEC CHECKSUMS:
  GoogleToolboxForMac: 91c824d21e85b31c2aae9bb011c5027c9b4e738f
  MyLayout: 7a145adc9bed400010efe2b2e1a1e09b0a0804d7
  SharkORM: 0dd55f13d82ab4c68f7c54012211c6a34a9f0001

PODFILE CHECKSUM: 9017fd4cb151e1de25ef95de21db49cdc7b9a919

COCOAPODS: 1.3.1
