// !$*UTF8*$!
{
	archiveVersion = 1;
	classes = {
	};
	objectVersion = 46;
	objects = {

/* Begin PBXBuildFile section */
		029DAEE41EB4AF2A003B32AE /* main.m in Sources */ = {isa = PBXBuildFile; fileRef = 029DAEE31EB4AF2A003B32AE /* main.m */; };
		029DAEE71EB4AF2A003B32AE /* AppDelegate.m in Sources */ = {isa = PBXBuildFile; fileRef = 029DAEE61EB4AF2A003B32AE /* AppDelegate.m */; };
		029DAEED1EB4AF2A003B32AE /* Main.storyboard in Resources */ = {isa = PBXBuildFile; fileRef = 029DAEEB1EB4AF2A003B32AE /* Main.storyboard */; };
		029DAEEF1EB4AF2A003B32AE /* Assets.xcassets in Resources */ = {isa = PBXBuildFile; fileRef = 029DAEEE1EB4AF2A003B32AE /* Assets.xcassets */; };
		029DAEF21EB4AF2A003B32AE /* LaunchScreen.storyboard in Resources */ = {isa = PBXBuildFile; fileRef = 029DAEF01EB4AF2A003B32AE /* LaunchScreen.storyboard */; };
		262BCA512152258C008B63AF /* IntroScene.m in Sources */ = {isa = PBXBuildFile; fileRef = 262BCA4F2152258C008B63AF /* IntroScene.m */; };
		262BCA522152258C008B63AF /* IntroScene.xib in Resources */ = {isa = PBXBuildFile; fileRef = 262BCA502152258C008B63AF /* IntroScene.xib */; };
		264149D0205A0AA200B72655 /* font in Resources */ = {isa = PBXBuildFile; fileRef = 264149CE205A0AA200B72655 /* font */; };
		264149D1205A0AA200B72655 /* Menu in Resources */ = {isa = PBXBuildFile; fileRef = 264149CF205A0AA200B72655 /* Menu */; };
		264149DB205A1C7000B72655 /* MainMenu.m in Sources */ = {isa = PBXBuildFile; fileRef = 264149DA205A1C7000B72655 /* MainMenu.m */; };
		26D875EF21229945000E1E5F /* ToolKit.framework in Frameworks */ = {isa = PBXBuildFile; fileRef = 26D875EE21229944000E1E5F /* ToolKit.framework */; };
		26D875F021229945000E1E5F /* ToolKit.framework in Embed Frameworks */ = {isa = PBXBuildFile; fileRef = 26D875EE21229944000E1E5F /* ToolKit.framework */; settings = {ATTRIBUTES = (CodeSignOnCopy, RemoveHeadersOnCopy, ); }; };
		3C0B5B4420A1F793004137D4 /* libz.tbd in Frameworks */ = {isa = PBXBuildFile; fileRef = 3C0B5B4320A1F793004137D4 /* libz.tbd */; };
		3C0B5B4620A1F7A8004137D4 /* libsqlite3.tbd in Frameworks */ = {isa = PBXBuildFile; fileRef = 3C0B5B4520A1F7A8004137D4 /* libsqlite3.tbd */; };
		3CEF93B7205FE29500F3FC66 /* Style.m in Sources */ = {isa = PBXBuildFile; fileRef = 3CEF93B6205FE29500F3FC66 /* Style.m */; };
		5851B2B523E57FB5239F7DB7 /* libPods-ToolKitDev.a in Frameworks */ = {isa = PBXBuildFile; fileRef = 2836341E5FD5A01909E4467A /* libPods-ToolKitDev.a */; };
/* End PBXBuildFile section */

/* Begin PBXCopyFilesBuildPhase section */
		26D875F121229945000E1E5F /* Embed Frameworks */ = {
			isa = PBXCopyFilesBuildPhase;
			buildActionMask = 2147483647;
			dstPath = "";
			dstSubfolderSpec = 10;
			files = (
				26D875F021229945000E1E5F /* ToolKit.framework in Embed Frameworks */,
			);
			name = "Embed Frameworks";
			runOnlyForDeploymentPostprocessing = 0;
		};
/* End PBXCopyFilesBuildPhase section */

/* Begin PBXFileReference section */
		029DAEDF1EB4AF2A003B32AE /* ToolKitDev.app */ = {isa = PBXFileReference; explicitFileType = wrapper.application; includeInIndex = 0; path = ToolKitDev.app; sourceTree = BUILT_PRODUCTS_DIR; };
		029DAEE31EB4AF2A003B32AE /* main.m */ = {isa = PBXFileReference; lastKnownFileType = sourcecode.c.objc; path = main.m; sourceTree = "<group>"; };
		029DAEE51EB4AF2A003B32AE /* AppDelegate.h */ = {isa = PBXFileReference; lastKnownFileType = sourcecode.c.h; path = AppDelegate.h; sourceTree = "<group>"; };
		029DAEE61EB4AF2A003B32AE /* AppDelegate.m */ = {isa = PBXFileReference; lastKnownFileType = sourcecode.c.objc; path = AppDelegate.m; sourceTree = "<group>"; };
		029DAEEC1EB4AF2A003B32AE /* Base */ = {isa = PBXFileReference; lastKnownFileType = file.storyboard; name = Base; path = Base.lproj/Main.storyboard; sourceTree = "<group>"; };
		029DAEEE1EB4AF2A003B32AE /* Assets.xcassets */ = {isa = PBXFileReference; lastKnownFileType = folder.assetcatalog; path = Assets.xcassets; sourceTree = "<group>"; };
		029DAEF11EB4AF2A003B32AE /* Base */ = {isa = PBXFileReference; lastKnownFileType = file.storyboard; name = Base; path = Base.lproj/LaunchScreen.storyboard; sourceTree = "<group>"; };
		029DAEF31EB4AF2A003B32AE /* Info.plist */ = {isa = PBXFileReference; lastKnownFileType = text.plist.xml; path = Info.plist; sourceTree = "<group>"; };
		262BCA4E2152258C008B63AF /* IntroScene.h */ = {isa = PBXFileReference; lastKnownFileType = sourcecode.c.h; path = IntroScene.h; sourceTree = "<group>"; };
		262BCA4F2152258C008B63AF /* IntroScene.m */ = {isa = PBXFileReference; lastKnownFileType = sourcecode.c.objc; path = IntroScene.m; sourceTree = "<group>"; };
		262BCA502152258C008B63AF /* IntroScene.xib */ = {isa = PBXFileReference; lastKnownFileType = file.xib; path = IntroScene.xib; sourceTree = "<group>"; };
		264149CE205A0AA200B72655 /* font */ = {isa = PBXFileReference; lastKnownFileType = folder; path = font; sourceTree = "<group>"; };
		264149CF205A0AA200B72655 /* Menu */ = {isa = PBXFileReference; lastKnownFileType = folder; path = Menu; sourceTree = "<group>"; };
		264149D9205A1C7000B72655 /* MainMenu.h */ = {isa = PBXFileReference; lastKnownFileType = sourcecode.c.h; path = MainMenu.h; sourceTree = "<group>"; };
		264149DA205A1C7000B72655 /* MainMenu.m */ = {isa = PBXFileReference; lastKnownFileType = sourcecode.c.objc; path = MainMenu.m; sourceTree = "<group>"; };
		264149DC205A3F8B00B72655 /* PrefixHeader.pch */ = {isa = PBXFileReference; lastKnownFileType = sourcecode.c.h; path = PrefixHeader.pch; sourceTree = "<group>"; };
		26D875EE21229944000E1E5F /* ToolKit.framework */ = {isa = PBXFileReference; explicitFileType = wrapper.framework; path = ToolKit.framework; sourceTree = BUILT_PRODUCTS_DIR; };
		26E89DA6205B8B39001C58B4 /* ToolKitDev.entitlements */ = {isa = PBXFileReference; lastKnownFileType = text.plist.entitlements; path = ToolKitDev.entitlements; sourceTree = "<group>"; };
		2836341E5FD5A01909E4467A /* libPods-ToolKitDev.a */ = {isa = PBXFileReference; explicitFileType = archive.ar; includeInIndex = 0; path = "libPods-ToolKitDev.a"; sourceTree = BUILT_PRODUCTS_DIR; };
		3C0B5B4320A1F793004137D4 /* libz.tbd */ = {isa = PBXFileReference; lastKnownFileType = "sourcecode.text-based-dylib-definition"; name = libz.tbd; path = usr/lib/libz.tbd; sourceTree = SDKROOT; };
		3C0B5B4520A1F7A8004137D4 /* libsqlite3.tbd */ = {isa = PBXFileReference; lastKnownFileType = "sourcecode.text-based-dylib-definition"; name = libsqlite3.tbd; path = usr/lib/libsqlite3.tbd; sourceTree = SDKROOT; };
		3C2498C52056A82700772E14 /* WebKit.framework */ = {isa = PBXFileReference; lastKnownFileType = wrapper.framework; name = WebKit.framework; path = System/Library/Frameworks/WebKit.framework; sourceTree = SDKROOT; };
		3CEF93B5205FE29500F3FC66 /* Style.h */ = {isa = PBXFileReference; lastKnownFileType = sourcecode.c.h; path = Style.h; sourceTree = "<group>"; };
		3CEF93B6205FE29500F3FC66 /* Style.m */ = {isa = PBXFileReference; lastKnownFileType = sourcecode.c.objc; path = Style.m; sourceTree = "<group>"; };
		73F686755E0BB4A45A7E0560 /* Pods-ToolKitDev.debug.xcconfig */ = {isa = PBXFileReference; includeInIndex = 1; lastKnownFileType = text.xcconfig; name = "Pods-ToolKitDev.debug.xcconfig"; path = "Pods/Target Support Files/Pods-ToolKitDev/Pods-ToolKitDev.debug.xcconfig"; sourceTree = "<group>"; };
		E8032AC9ADD96BFC5FE3B312 /* Pods-ToolKitDev.release.xcconfig */ = {isa = PBXFileReference; includeInIndex = 1; lastKnownFileType = text.xcconfig; name = "Pods-ToolKitDev.release.xcconfig"; path = "Pods/Target Support Files/Pods-ToolKitDev/Pods-ToolKitDev.release.xcconfig"; sourceTree = "<group>"; };
/* End PBXFileReference section */

/* Begin PBXFrameworksBuildPhase section */
		029DAEDC1EB4AF29003B32AE /* Frameworks */ = {
			isa = PBXFrameworksBuildPhase;
			buildActionMask = 2147483647;
			files = (
				3C0B5B4620A1F7A8004137D4 /* libsqlite3.tbd in Frameworks */,
				26D875EF21229945000E1E5F /* ToolKit.framework in Frameworks */,
				3C0B5B4420A1F793004137D4 /* libz.tbd in Frameworks */,
				5851B2B523E57FB5239F7DB7 /* libPods-ToolKitDev.a in Frameworks */,
			);
			runOnlyForDeploymentPostprocessing = 0;
		};
/* End PBXFrameworksBuildPhase section */

/* Begin PBXGroup section */
		029DAED61EB4AF29003B32AE = {
			isa = PBXGroup;
			children = (
				26D875EE21229944000E1E5F /* ToolKit.framework */,
				264149DC205A3F8B00B72655 /* PrefixHeader.pch */,
				029DAEE11EB4AF2A003B32AE /* ToolKitDev */,
				029DAEE01EB4AF2A003B32AE /* Products */,
				02FAB9CB1EC5EAC40028C216 /* Frameworks */,
				1EF9D9301D0C4F653C10249C /* Pods */,
			);
			sourceTree = "<group>";
		};
		029DAEE01EB4AF2A003B32AE /* Products */ = {
			isa = PBXGroup;
			children = (
				029DAEDF1EB4AF2A003B32AE /* ToolKitDev.app */,
			);
			name = Products;
			sourceTree = "<group>";
		};
		029DAEE11EB4AF2A003B32AE /* ToolKitDev */ = {
			isa = PBXGroup;
			children = (
				262BCA4D21522572008B63AF /* Scene */,
				3CEF93B4205FE1D100F3FC66 /* Style */,
				3CEF93B3205FE1D100F3FC66 /* UI */,
				26E89DA6205B8B39001C58B4 /* ToolKitDev.entitlements */,
				264149D8205A1C5700B72655 /* Model */,
				264149BE205A0A8E00B72655 /* Resource */,
				029DAEE51EB4AF2A003B32AE /* AppDelegate.h */,
				029DAEE61EB4AF2A003B32AE /* AppDelegate.m */,
				029DAEEB1EB4AF2A003B32AE /* Main.storyboard */,
				029DAEEE1EB4AF2A003B32AE /* Assets.xcassets */,
				029DAEF01EB4AF2A003B32AE /* LaunchScreen.storyboard */,
				029DAEF31EB4AF2A003B32AE /* Info.plist */,
				029DAEE21EB4AF2A003B32AE /* Supporting Files */,
			);
			path = ToolKitDev;
			sourceTree = "<group>";
		};
		029DAEE21EB4AF2A003B32AE /* Supporting Files */ = {
			isa = PBXGroup;
			children = (
				029DAEE31EB4AF2A003B32AE /* main.m */,
			);
			name = "Supporting Files";
			sourceTree = "<group>";
		};
		02FAB9CB1EC5EAC40028C216 /* Frameworks */ = {
			isa = PBXGroup;
			children = (
				3C0B5B4520A1F7A8004137D4 /* libsqlite3.tbd */,
				3C0B5B4320A1F793004137D4 /* libz.tbd */,
				3C2498C52056A82700772E14 /* WebKit.framework */,
				2836341E5FD5A01909E4467A /* libPods-ToolKitDev.a */,
			);
			name = Frameworks;
			sourceTree = "<group>";
		};
		1EF9D9301D0C4F653C10249C /* Pods */ = {
			isa = PBXGroup;
			children = (
				73F686755E0BB4A45A7E0560 /* Pods-ToolKitDev.debug.xcconfig */,
				E8032AC9ADD96BFC5FE3B312 /* Pods-ToolKitDev.release.xcconfig */,
			);
			name = Pods;
			sourceTree = "<group>";
		};
		262BCA4D21522572008B63AF /* Scene */ = {
			isa = PBXGroup;
			children = (
				262BCA4E2152258C008B63AF /* IntroScene.h */,
				262BCA4F2152258C008B63AF /* IntroScene.m */,
				262BCA502152258C008B63AF /* IntroScene.xib */,
			);
			path = Scene;
			sourceTree = "<group>";
		};
		264149BE205A0A8E00B72655 /* Resource */ = {
			isa = PBXGroup;
			children = (
				264149CE205A0AA200B72655 /* font */,
				264149CF205A0AA200B72655 /* Menu */,
			);
			path = Resource;
			sourceTree = "<group>";
		};
		264149D8205A1C5700B72655 /* Model */ = {
			isa = PBXGroup;
			children = (
				264149D9205A1C7000B72655 /* MainMenu.h */,
				264149DA205A1C7000B72655 /* MainMenu.m */,
			);
			path = Model;
			sourceTree = "<group>";
		};
		3CEF93B3205FE1D100F3FC66 /* UI */ = {
			isa = PBXGroup;
			children = (
			);
			path = UI;
			sourceTree = "<group>";
		};
		3CEF93B4205FE1D100F3FC66 /* Style */ = {
			isa = PBXGroup;
			children = (
				3CEF93B5205FE29500F3FC66 /* Style.h */,
				3CEF93B6205FE29500F3FC66 /* Style.m */,
			);
			path = Style;
			sourceTree = "<group>";
		};
/* End PBXGroup section */

/* Begin PBXNativeTarget section */
		029DAEDE1EB4AF29003B32AE /* ToolKitDev */ = {
			isa = PBXNativeTarget;
			buildConfigurationList = 029DAEF61EB4AF2A003B32AE /* Build configuration list for PBXNativeTarget "ToolKitDev" */;
			buildPhases = (
				78C7A344F9373B5E27C233B6 /* [CP] Check Pods Manifest.lock */,
				029DAEDB1EB4AF29003B32AE /* Sources */,
				029DAEDC1EB4AF29003B32AE /* Frameworks */,
				029DAEDD1EB4AF29003B32AE /* Resources */,
				B15E332F90698CFAB8192C8E /* [CP] Embed Pods Frameworks */,
				FF8C8C06FE37AF83A9FBF77B /* [CP] Copy Pods Resources */,
				26D875F121229945000E1E5F /* Embed Frameworks */,
			);
			buildRules = (
			);
			dependencies = (
			);
			name = ToolKitDev;
			productName = ToolKitDev;
			productReference = 029DAEDF1EB4AF2A003B32AE /* ToolKitDev.app */;
			productType = "com.apple.product-type.application";
		};
/* End PBXNativeTarget section */

/* Begin PBXProject section */
		029DAED71EB4AF29003B32AE /* Project object */ = {
			isa = PBXProject;
			attributes = {
				LastUpgradeCheck = 0910;
				ORGANIZATIONNAME = yihyeoncheol;
				TargetAttributes = {
					029DAEDE1EB4AF29003B32AE = {
						CreatedOnToolsVersion = 8.1;
						DevelopmentTeam = HWZWGFYVDV;
						ProvisioningStyle = Automatic;
						SystemCapabilities = {
							com.apple.ApplicationGroups.iOS = {
								enabled = 0;
							};
						};
					};
				};
			};
			buildConfigurationList = 029DAEDA1EB4AF29003B32AE /* Build configuration list for PBXProject "ToolKitDev" */;
			compatibilityVersion = "Xcode 3.2";
			developmentRegion = English;
			hasScannedForEncodings = 0;
			knownRegions = (
				en,
				Base,
			);
			mainGroup = 029DAED61EB4AF29003B32AE;
			productRefGroup = 029DAEE01EB4AF2A003B32AE /* Products */;
			projectDirPath = "";
			projectRoot = "";
			targets = (
				029DAEDE1EB4AF29003B32AE /* ToolKitDev */,
			);
		};
/* End PBXProject section */

/* Begin PBXResourcesBuildPhase section */
		029DAEDD1EB4AF29003B32AE /* Resources */ = {
			isa = PBXResourcesBuildPhase;
			buildActionMask = 2147483647;
			files = (
				029DAEF21EB4AF2A003B32AE /* LaunchScreen.storyboard in Resources */,
				262BCA522152258C008B63AF /* IntroScene.xib in Resources */,
				264149D1205A0AA200B72655 /* Menu in Resources */,
				029DAEEF1EB4AF2A003B32AE /* Assets.xcassets in Resources */,
				029DAEED1EB4AF2A003B32AE /* Main.storyboard in Resources */,
				264149D0205A0AA200B72655 /* font in Resources */,
			);
			runOnlyForDeploymentPostprocessing = 0;
		};
/* End PBXResourcesBuildPhase section */

/* Begin PBXShellScriptBuildPhase section */
		78C7A344F9373B5E27C233B6 /* [CP] Check Pods Manifest.lock */ = {
			isa = PBXShellScriptBuildPhase;
			buildActionMask = 2147483647;
			files = (
			);
			inputPaths = (
				"${PODS_PODFILE_DIR_PATH}/Podfile.lock",
				"${PODS_ROOT}/Manifest.lock",
			);
			name = "[CP] Check Pods Manifest.lock";
			outputPaths = (
				"$(DERIVED_FILE_DIR)/Pods-ToolKitDev-checkManifestLockResult.txt",
			);
			runOnlyForDeploymentPostprocessing = 0;
			shellPath = /bin/sh;
			shellScript = "diff \"${PODS_PODFILE_DIR_PATH}/Podfile.lock\" \"${PODS_ROOT}/Manifest.lock\" > /dev/null\nif [ $? != 0 ] ; then\n    # print error to STDERR\n    echo \"error: The sandbox is not in sync with the Podfile.lock. Run 'pod install' or update your CocoaPods installation.\" >&2\n    exit 1\nfi\n# This output is used by Xcode 'outputs' to avoid re-running this script phase.\necho \"SUCCESS\" > \"${SCRIPT_OUTPUT_FILE_0}\"\n";
			showEnvVarsInLog = 0;
		};
		B15E332F90698CFAB8192C8E /* [CP] Embed Pods Frameworks */ = {
			isa = PBXShellScriptBuildPhase;
			buildActionMask = 2147483647;
			files = (
			);
			inputPaths = (
			);
			name = "[CP] Embed Pods Frameworks";
			outputPaths = (
			);
			runOnlyForDeploymentPostprocessing = 0;
			shellPath = /bin/sh;
			shellScript = "\"${SRCROOT}/Pods/Target Support Files/Pods-ToolKitDev/Pods-ToolKitDev-frameworks.sh\"\n";
			showEnvVarsInLog = 0;
		};
		FF8C8C06FE37AF83A9FBF77B /* [CP] Copy Pods Resources */ = {
			isa = PBXShellScriptBuildPhase;
			buildActionMask = 2147483647;
			files = (
			);
			inputPaths = (
			);
			name = "[CP] Copy Pods Resources";
			outputPaths = (
			);
			runOnlyForDeploymentPostprocessing = 0;
			shellPath = /bin/sh;
			shellScript = "\"${SRCROOT}/Pods/Target Support Files/Pods-ToolKitDev/Pods-ToolKitDev-resources.sh\"\n";
			showEnvVarsInLog = 0;
		};
/* End PBXShellScriptBuildPhase section */

/* Begin PBXSourcesBuildPhase section */
		029DAEDB1EB4AF29003B32AE /* Sources */ = {
			isa = PBXSourcesBuildPhase;
			buildActionMask = 2147483647;
			files = (
				029DAEE71EB4AF2A003B32AE /* AppDelegate.m in Sources */,
				3CEF93B7205FE29500F3FC66 /* Style.m in Sources */,
				264149DB205A1C7000B72655 /* MainMenu.m in Sources */,
				029DAEE41EB4AF2A003B32AE /* main.m in Sources */,
				262BCA512152258C008B63AF /* IntroScene.m in Sources */,
			);
			runOnlyForDeploymentPostprocessing = 0;
		};
/* End PBXSourcesBuildPhase section */

/* Begin PBXVariantGroup section */
		029DAEEB1EB4AF2A003B32AE /* Main.storyboard */ = {
			isa = PBXVariantGroup;
			children = (
				029DAEEC1EB4AF2A003B32AE /* Base */,
			);
			name = Main.storyboard;
			sourceTree = "<group>";
		};
		029DAEF01EB4AF2A003B32AE /* LaunchScreen.storyboard */ = {
			isa = PBXVariantGroup;
			children = (
				029DAEF11EB4AF2A003B32AE /* Base */,
			);
			name = LaunchScreen.storyboard;
			sourceTree = "<group>";
		};
/* End PBXVariantGroup section */

/* Begin XCBuildConfiguration section */
		029DAEF41EB4AF2A003B32AE /* Debug */ = {
			isa = XCBuildConfiguration;
			buildSettings = {
				ALWAYS_SEARCH_USER_PATHS = NO;
				CLANG_ANALYZER_NONNULL = YES;
				CLANG_CXX_LANGUAGE_STANDARD = "gnu++0x";
				CLANG_CXX_LIBRARY = "libc++";
				CLANG_ENABLE_MODULES = YES;
				CLANG_ENABLE_OBJC_ARC = YES;
				CLANG_WARN_BLOCK_CAPTURE_AUTORELEASING = YES;
				CLANG_WARN_BOOL_CONVERSION = YES;
				CLANG_WARN_COMMA = YES;
				CLANG_WARN_CONSTANT_CONVERSION = YES;
				CLANG_WARN_DIRECT_OBJC_ISA_USAGE = YES_ERROR;
				CLANG_WARN_DOCUMENTATION_COMMENTS = YES;
				CLANG_WARN_EMPTY_BODY = YES;
				CLANG_WARN_ENUM_CONVERSION = YES;
				CLANG_WARN_INFINITE_RECURSION = YES;
				CLANG_WARN_INT_CONVERSION = YES;
				CLANG_WARN_NON_LITERAL_NULL_CONVERSION = YES;
				CLANG_WARN_OBJC_LITERAL_CONVERSION = YES;
				CLANG_WARN_OBJC_ROOT_CLASS = YES_ERROR;
				CLANG_WARN_RANGE_LOOP_ANALYSIS = YES;
				CLANG_WARN_STRICT_PROTOTYPES = YES;
				CLANG_WARN_SUSPICIOUS_MOVE = YES;
				CLANG_WARN_SUSPICIOUS_MOVES = YES;
				CLANG_WARN_UNREACHABLE_CODE = YES;
				CLANG_WARN__DUPLICATE_METHOD_MATCH = YES;
				"CODE_SIGN_IDENTITY[sdk=iphoneos*]" = "iPhone Developer";
				COPY_PHASE_STRIP = NO;
				DEBUG_INFORMATION_FORMAT = dwarf;
				ENABLE_STRICT_OBJC_MSGSEND = YES;
				ENABLE_TESTABILITY = YES;
				GCC_C_LANGUAGE_STANDARD = gnu99;
				GCC_DYNAMIC_NO_PIC = NO;
				GCC_NO_COMMON_BLOCKS = YES;
				GCC_OPTIMIZATION_LEVEL = 0;
				GCC_PREPROCESSOR_DEFINITIONS = (
					"DEBUG=1",
					"$(inherited)",
				);
				GCC_WARN_64_TO_32_BIT_CONVERSION = YES;
				GCC_WARN_ABOUT_RETURN_TYPE = YES_ERROR;
				GCC_WARN_UNDECLARED_SELECTOR = YES;
				GCC_WARN_UNINITIALIZED_AUTOS = YES_AGGRESSIVE;
				GCC_WARN_UNUSED_FUNCTION = YES;
				GCC_WARN_UNUSED_VARIABLE = YES;
				IPHONEOS_DEPLOYMENT_TARGET = 8.0;
				MTL_ENABLE_DEBUG_INFO = YES;
				ONLY_ACTIVE_ARCH = YES;
				SDKROOT = iphoneos;
			};
			name = Debug;
		};
		029DAEF51EB4AF2A003B32AE /* Release */ = {
			isa = XCBuildConfiguration;
			buildSettings = {
				ALWAYS_SEARCH_USER_PATHS = NO;
				CLANG_ANALYZER_NONNULL = YES;
				CLANG_CXX_LANGUAGE_STANDARD = "gnu++0x";
				CLANG_CXX_LIBRARY = "libc++";
				CLANG_ENABLE_MODULES = YES;
				CLANG_ENABLE_OBJC_ARC = YES;
				CLANG_WARN_BLOCK_CAPTURE_AUTORELEASING = YES;
				CLANG_WARN_BOOL_CONVERSION = YES;
				CLANG_WARN_COMMA = YES;
				CLANG_WARN_CONSTANT_CONVERSION = YES;
				CLANG_WARN_DIRECT_OBJC_ISA_USAGE = YES_ERROR;
				CLANG_WARN_DOCUMENTATION_COMMENTS = YES;
				CLANG_WARN_EMPTY_BODY = YES;
				CLANG_WARN_ENUM_CONVERSION = YES;
				CLANG_WARN_INFINITE_RECURSION = YES;
				CLANG_WARN_INT_CONVERSION = YES;
				CLANG_WARN_NON_LITERAL_NULL_CONVERSION = YES;
				CLANG_WARN_OBJC_LITERAL_CONVERSION = YES;
				CLANG_WARN_OBJC_ROOT_CLASS = YES_ERROR;
				CLANG_WARN_RANGE_LOOP_ANALYSIS = YES;
				CLANG_WARN_STRICT_PROTOTYPES = YES;
				CLANG_WARN_SUSPICIOUS_MOVE = YES;
				CLANG_WARN_SUSPICIOUS_MOVES = YES;
				CLANG_WARN_UNREACHABLE_CODE = YES;
				CLANG_WARN__DUPLICATE_METHOD_MATCH = YES;
				"CODE_SIGN_IDENTITY[sdk=iphoneos*]" = "iPhone Developer";
				COPY_PHASE_STRIP = NO;
				DEBUG_INFORMATION_FORMAT = "dwarf-with-dsym";
				ENABLE_NS_ASSERTIONS = NO;
				ENABLE_STRICT_OBJC_MSGSEND = YES;
				GCC_C_LANGUAGE_STANDARD = gnu99;
				GCC_NO_COMMON_BLOCKS = YES;
				GCC_WARN_64_TO_32_BIT_CONVERSION = YES;
				GCC_WARN_ABOUT_RETURN_TYPE = YES_ERROR;
				GCC_WARN_UNDECLARED_SELECTOR = YES;
				GCC_WARN_UNINITIALIZED_AUTOS = YES_AGGRESSIVE;
				GCC_WARN_UNUSED_FUNCTION = YES;
				GCC_WARN_UNUSED_VARIABLE = YES;
				IPHONEOS_DEPLOYMENT_TARGET = 8.0;
				MTL_ENABLE_DEBUG_INFO = NO;
				SDKROOT = iphoneos;
				VALIDATE_PRODUCT = YES;
			};
			name = Release;
		};
		029DAEF71EB4AF2A003B32AE /* Debug */ = {
			isa = XCBuildConfiguration;
			baseConfigurationReference = 73F686755E0BB4A45A7E0560 /* Pods-ToolKitDev.debug.xcconfig */;
			buildSettings = {
				ASSETCATALOG_COMPILER_APPICON_NAME = AppIcon;
				ASSETCATALOG_COMPILER_LAUNCHIMAGE_NAME = LaunchImage;
				CLANG_ENABLE_OBJC_ARC = YES;
				"CODE_SIGN_IDENTITY[sdk=iphoneos*]" = "iPhone Developer";
				CODE_SIGN_STYLE = Automatic;
				DEVELOPMENT_TEAM = HWZWGFYVDV;
				ENABLE_BITCODE = YES;
				GCC_PREFIX_HEADER = "$(SRCROOT)/PrefixHeader.pch";
				INFOPLIST_FILE = ToolKitDev/Info.plist;
				IPHONEOS_DEPLOYMENT_TARGET = 8.0;
				LD_RUNPATH_SEARCH_PATHS = "$(inherited) @executable_path/Frameworks";
				LIBRARY_SEARCH_PATHS = (
					"$(inherited)",
					"\"$(SRCROOT)/ToolKitDev/Lib/KeysharpiPhone/lib/FingerprintCertManager lib\"",
					"\"$(SRCROOT)/ToolKitDev/Lib/KeysharpiPhone/lib/FingerprintCertManager lib\"",
					"\"$(SRCROOT)/ToolKitDev/Lib/KeysharpiPhone/lib/KeySharpiPhone lib/Release-iphoneos\"",
					"\"$(SRCROOT)/ToolKitDev/Lib/KeysharpiPhone/lib/KeySharpiPhoneICRP lib/Release-iphoneos\"",
					"\"$(SRCROOT)/ToolKitDev/Lib/KeysharpiPhone/lib/KeySharpiPhoneUtil lib/Release-iphoneos\"",
					"\"$(SRCROOT)/ToolKitDev/Lib/KeysharpiPhone/lib/SecureData lib/Release-iphoneos\"",
				);
				OTHER_LDFLAGS = "$(inherited)";
				PRODUCT_BUNDLE_IDENTIFIER = yihyeoncheol.ToolKitDev;
				PRODUCT_NAME = "$(TARGET_NAME)";
				PROVISIONING_PROFILE_SPECIFIER = "";
			};
			name = Debug;
		};
		029DAEF81EB4AF2A003B32AE /* Release */ = {
			isa = XCBuildConfiguration;
			baseConfigurationReference = E8032AC9ADD96BFC5FE3B312 /* Pods-ToolKitDev.release.xcconfig */;
			buildSettings = {
				ASSETCATALOG_COMPILER_APPICON_NAME = AppIcon;
				ASSETCATALOG_COMPILER_LAUNCHIMAGE_NAME = LaunchImage;
				CLANG_ENABLE_OBJC_ARC = YES;
				"CODE_SIGN_IDENTITY[sdk=iphoneos*]" = "iPhone Developer";
				CODE_SIGN_STYLE = Automatic;
				DEVELOPMENT_TEAM = HWZWGFYVDV;
				ENABLE_BITCODE = YES;
				GCC_PREFIX_HEADER = "$(SRCROOT)/PrefixHeader.pch";
				INFOPLIST_FILE = ToolKitDev/Info.plist;
				IPHONEOS_DEPLOYMENT_TARGET = 8.0;
				LD_RUNPATH_SEARCH_PATHS = "$(inherited) @executable_path/Frameworks";
				LIBRARY_SEARCH_PATHS = (
					"$(inherited)",
					"$(PROJECT_DIR)/ToolKitDev/Lib/KeysharpiPhone/lib/FingerprintCertManager\\ lib",
					"$(PROJECT_DIR)/ToolKitDev/Lib/KeysharpiPhone/lib/FingerprintCertManager\\ lib",
					"$(PROJECT_DIR)/ToolKitDev/Lib/KeysharpiPhone/lib/KeySharpiPhone\\ lib/Release-iphoneos",
					"$(PROJECT_DIR)/ToolKitDev/Lib/KeysharpiPhone/lib/KeySharpiPhoneICRP\\ lib/Release-iphoneos",
					"$(PROJECT_DIR)/ToolKitDev/Lib/KeysharpiPhone/lib/KeySharpiPhoneUtil\\ lib/Release-iphoneos",
					"$(PROJECT_DIR)/ToolKitDev/Lib/KeysharpiPhone/lib/SecureData\\ lib/Release-iphoneos",
				);
				OTHER_LDFLAGS = "$(inherited)";
				PRODUCT_BUNDLE_IDENTIFIER = yihyeoncheol.ToolKitDev;
				PRODUCT_NAME = "$(TARGET_NAME)";
				PROVISIONING_PROFILE_SPECIFIER = "";
			};
			name = Release;
		};
/* End XCBuildConfiguration section */

/* Begin XCConfigurationList section */
		029DAEDA1EB4AF29003B32AE /* Build configuration list for PBXProject "ToolKitDev" */ = {
			isa = XCConfigurationList;
			buildConfigurations = (
				029DAEF41EB4AF2A003B32AE /* Debug */,
				029DAEF51EB4AF2A003B32AE /* Release */,
			);
			defaultConfigurationIsVisible = 0;
			defaultConfigurationName = Release;
		};
		029DAEF61EB4AF2A003B32AE /* Build configuration list for PBXNativeTarget "ToolKitDev" */ = {
			isa = XCConfigurationList;
			buildConfigurations = (
				029DAEF71EB4AF2A003B32AE /* Debug */,
				029DAEF81EB4AF2A003B32AE /* Release */,
			);
			defaultConfigurationIsVisible = 0;
			defaultConfigurationName = Release;
		};
/* End XCConfigurationList section */
	};
	rootObject = 029DAED71EB4AF29003B32AE /* Project object */;
}
