// !$*UTF8*$!
{
	archiveVersion = 1;
	classes = {
	};
	objectVersion = 46;
	objects = {

/* Begin PBXBuildFile section */
		029DAEE41EB4AF2A003B32AE /* main.m in Sources */ = {isa = PBXBuildFile; fileRef = 029DAEE31EB4AF2A003B32AE /* main.m */; };
		029DAEE71EB4AF2A003B32AE /* AppDelegate.m in Sources */ = {isa = PBXBuildFile; fileRef = 029DAEE61EB4AF2A003B32AE /* AppDelegate.m */; };
		029DAEED1EB4AF2A003B32AE /* Main.storyboard in Resources */ = {isa = PBXBuildFile; fileRef = 029DAEEB1EB4AF2A003B32AE /* Main.storyboard */; };
		029DAEEF1EB4AF2A003B32AE /* Assets.xcassets in Resources */ = {isa = PBXBuildFile; fileRef = 029DAEEE1EB4AF2A003B32AE /* Assets.xcassets */; };
		029DAEF21EB4AF2A003B32AE /* LaunchScreen.storyboard in Resources */ = {isa = PBXBuildFile; fileRef = 029DAEF01EB4AF2A003B32AE /* LaunchScreen.storyboard */; };
		264149B1205A096500B72655 /* SettingScene.xib in Resources */ = {isa = PBXBuildFile; fileRef = 2641499B205A096500B72655 /* SettingScene.xib */; };
		264149B2205A096500B72655 /* SettingScene.m in Sources */ = {isa = PBXBuildFile; fileRef = 2641499C205A096500B72655 /* SettingScene.m */; };
		264149B3205A096500B72655 /* MainScene.xib in Resources */ = {isa = PBXBuildFile; fileRef = 2641499F205A096500B72655 /* MainScene.xib */; };
		264149B4205A096500B72655 /* MainScene.m in Sources */ = {isa = PBXBuildFile; fileRef = 264149A0205A096500B72655 /* MainScene.m */; };
		264149B6205A096500B72655 /* LoginScene.xib in Resources */ = {isa = PBXBuildFile; fileRef = 264149A3205A096500B72655 /* LoginScene.xib */; };
		264149B7205A096500B72655 /* LoginScene.m in Sources */ = {isa = PBXBuildFile; fileRef = 264149A4205A096500B72655 /* LoginScene.m */; };
		264149B8205A096500B72655 /* CameraScene.xib in Resources */ = {isa = PBXBuildFile; fileRef = 264149A7205A096500B72655 /* CameraScene.xib */; };
		264149B9205A096500B72655 /* MapScene.m in Sources */ = {isa = PBXBuildFile; fileRef = 264149A8205A096500B72655 /* MapScene.m */; };
		264149BA205A096500B72655 /* MapScene.xib in Resources */ = {isa = PBXBuildFile; fileRef = 264149AA205A096500B72655 /* MapScene.xib */; };
		264149BB205A096500B72655 /* CameraScene.m in Sources */ = {isa = PBXBuildFile; fileRef = 264149AC205A096500B72655 /* CameraScene.m */; };
		264149BC205A096500B72655 /* IntroScene.m in Sources */ = {isa = PBXBuildFile; fileRef = 264149AE205A096500B72655 /* IntroScene.m */; };
		264149BD205A096500B72655 /* IntroScene.xib in Resources */ = {isa = PBXBuildFile; fileRef = 264149AF205A096500B72655 /* IntroScene.xib */; };
		264149D0205A0AA200B72655 /* font in Resources */ = {isa = PBXBuildFile; fileRef = 264149CE205A0AA200B72655 /* font */; };
		264149D1205A0AA200B72655 /* Menu in Resources */ = {isa = PBXBuildFile; fileRef = 264149CF205A0AA200B72655 /* Menu */; };
		264149D6205A0ABC00B72655 /* MainMenuScene.xib in Resources */ = {isa = PBXBuildFile; fileRef = 264149D3205A0ABC00B72655 /* MainMenuScene.xib */; };
		264149D7205A0ABC00B72655 /* MainMenuScene.m in Sources */ = {isa = PBXBuildFile; fileRef = 264149D5205A0ABC00B72655 /* MainMenuScene.m */; };
		264149DB205A1C7000B72655 /* MainMenu.m in Sources */ = {isa = PBXBuildFile; fileRef = 264149DA205A1C7000B72655 /* MainMenu.m */; };
		3C18C02D20515D460005FF38 /* ToolKit.framework in Frameworks */ = {isa = PBXBuildFile; fileRef = 3C18C02C20515D460005FF38 /* ToolKit.framework */; };
		3C18C02E20515D460005FF38 /* ToolKit.framework in Embed Frameworks */ = {isa = PBXBuildFile; fileRef = 3C18C02C20515D460005FF38 /* ToolKit.framework */; settings = {ATTRIBUTES = (CodeSignOnCopy, RemoveHeadersOnCopy, ); }; };
		5417559466508A4AEE2C11B4 /* libPods-ToolKitDev.a in Frameworks */ = {isa = PBXBuildFile; fileRef = 68B3F6E9534A9C3050A4FFAA /* libPods-ToolKitDev.a */; };
/* End PBXBuildFile section */

/* Begin PBXCopyFilesBuildPhase section */
		3C18C02F20515D470005FF38 /* Embed Frameworks */ = {
			isa = PBXCopyFilesBuildPhase;
			buildActionMask = 2147483647;
			dstPath = "";
			dstSubfolderSpec = 10;
			files = (
				3C18C02E20515D460005FF38 /* ToolKit.framework in Embed Frameworks */,
			);
			name = "Embed Frameworks";
			runOnlyForDeploymentPostprocessing = 0;
		};
/* End PBXCopyFilesBuildPhase section */

/* Begin PBXFileReference section */
		029DAEDF1EB4AF2A003B32AE /* ToolKitDev.app */ = {isa = PBXFileReference; explicitFileType = wrapper.application; includeInIndex = 0; path = ToolKitDev.app; sourceTree = BUILT_PRODUCTS_DIR; };
		029DAEE31EB4AF2A003B32AE /* main.m */ = {isa = PBXFileReference; lastKnownFileType = sourcecode.c.objc; path = main.m; sourceTree = "<group>"; };
		029DAEE51EB4AF2A003B32AE /* AppDelegate.h */ = {isa = PBXFileReference; lastKnownFileType = sourcecode.c.h; path = AppDelegate.h; sourceTree = "<group>"; };
		029DAEE61EB4AF2A003B32AE /* AppDelegate.m */ = {isa = PBXFileReference; lastKnownFileType = sourcecode.c.objc; path = AppDelegate.m; sourceTree = "<group>"; };
		029DAEEC1EB4AF2A003B32AE /* Base */ = {isa = PBXFileReference; lastKnownFileType = file.storyboard; name = Base; path = Base.lproj/Main.storyboard; sourceTree = "<group>"; };
		029DAEEE1EB4AF2A003B32AE /* Assets.xcassets */ = {isa = PBXFileReference; lastKnownFileType = folder.assetcatalog; path = Assets.xcassets; sourceTree = "<group>"; };
		029DAEF11EB4AF2A003B32AE /* Base */ = {isa = PBXFileReference; lastKnownFileType = file.storyboard; name = Base; path = Base.lproj/LaunchScreen.storyboard; sourceTree = "<group>"; };
		029DAEF31EB4AF2A003B32AE /* Info.plist */ = {isa = PBXFileReference; lastKnownFileType = text.plist.xml; path = Info.plist; sourceTree = "<group>"; };
		2641499A205A096500B72655 /* SettingScene.h */ = {isa = PBXFileReference; fileEncoding = 4; lastKnownFileType = sourcecode.c.h; path = SettingScene.h; sourceTree = "<group>"; };
		2641499B205A096500B72655 /* SettingScene.xib */ = {isa = PBXFileReference; fileEncoding = 4; lastKnownFileType = file.xib; path = SettingScene.xib; sourceTree = "<group>"; };
		2641499C205A096500B72655 /* SettingScene.m */ = {isa = PBXFileReference; fileEncoding = 4; lastKnownFileType = sourcecode.c.objc; path = SettingScene.m; sourceTree = "<group>"; };
		2641499E205A096500B72655 /* MainScene.h */ = {isa = PBXFileReference; fileEncoding = 4; lastKnownFileType = sourcecode.c.h; path = MainScene.h; sourceTree = "<group>"; };
		2641499F205A096500B72655 /* MainScene.xib */ = {isa = PBXFileReference; fileEncoding = 4; lastKnownFileType = file.xib; path = MainScene.xib; sourceTree = "<group>"; };
		264149A0205A096500B72655 /* MainScene.m */ = {isa = PBXFileReference; fileEncoding = 4; lastKnownFileType = sourcecode.c.objc; path = MainScene.m; sourceTree = "<group>"; };
		264149A3205A096500B72655 /* LoginScene.xib */ = {isa = PBXFileReference; fileEncoding = 4; lastKnownFileType = file.xib; path = LoginScene.xib; sourceTree = "<group>"; };
		264149A4205A096500B72655 /* LoginScene.m */ = {isa = PBXFileReference; fileEncoding = 4; lastKnownFileType = sourcecode.c.objc; path = LoginScene.m; sourceTree = "<group>"; };
		264149A5205A096500B72655 /* LoginScene.h */ = {isa = PBXFileReference; fileEncoding = 4; lastKnownFileType = sourcecode.c.h; path = LoginScene.h; sourceTree = "<group>"; };
		264149A7205A096500B72655 /* CameraScene.xib */ = {isa = PBXFileReference; fileEncoding = 4; lastKnownFileType = file.xib; path = CameraScene.xib; sourceTree = "<group>"; };
		264149A8205A096500B72655 /* MapScene.m */ = {isa = PBXFileReference; fileEncoding = 4; lastKnownFileType = sourcecode.c.objc; path = MapScene.m; sourceTree = "<group>"; };
		264149A9205A096500B72655 /* CameraScene.h */ = {isa = PBXFileReference; fileEncoding = 4; lastKnownFileType = sourcecode.c.h; path = CameraScene.h; sourceTree = "<group>"; };
		264149AA205A096500B72655 /* MapScene.xib */ = {isa = PBXFileReference; fileEncoding = 4; lastKnownFileType = file.xib; path = MapScene.xib; sourceTree = "<group>"; };
		264149AB205A096500B72655 /* MapScene.h */ = {isa = PBXFileReference; fileEncoding = 4; lastKnownFileType = sourcecode.c.h; path = MapScene.h; sourceTree = "<group>"; };
		264149AC205A096500B72655 /* CameraScene.m */ = {isa = PBXFileReference; fileEncoding = 4; lastKnownFileType = sourcecode.c.objc; path = CameraScene.m; sourceTree = "<group>"; };
		264149AE205A096500B72655 /* IntroScene.m */ = {isa = PBXFileReference; fileEncoding = 4; lastKnownFileType = sourcecode.c.objc; path = IntroScene.m; sourceTree = "<group>"; };
		264149AF205A096500B72655 /* IntroScene.xib */ = {isa = PBXFileReference; fileEncoding = 4; lastKnownFileType = file.xib; path = IntroScene.xib; sourceTree = "<group>"; };
		264149B0205A096500B72655 /* IntroScene.h */ = {isa = PBXFileReference; fileEncoding = 4; lastKnownFileType = sourcecode.c.h; path = IntroScene.h; sourceTree = "<group>"; };
		264149CE205A0AA200B72655 /* font */ = {isa = PBXFileReference; lastKnownFileType = folder; path = font; sourceTree = "<group>"; };
		264149CF205A0AA200B72655 /* Menu */ = {isa = PBXFileReference; lastKnownFileType = folder; path = Menu; sourceTree = "<group>"; };
		264149D3205A0ABC00B72655 /* MainMenuScene.xib */ = {isa = PBXFileReference; fileEncoding = 4; lastKnownFileType = file.xib; path = MainMenuScene.xib; sourceTree = "<group>"; };
		264149D4205A0ABC00B72655 /* MainMenuScene.h */ = {isa = PBXFileReference; fileEncoding = 4; lastKnownFileType = sourcecode.c.h; path = MainMenuScene.h; sourceTree = "<group>"; };
		264149D5205A0ABC00B72655 /* MainMenuScene.m */ = {isa = PBXFileReference; fileEncoding = 4; lastKnownFileType = sourcecode.c.objc; path = MainMenuScene.m; sourceTree = "<group>"; };
		264149D9205A1C7000B72655 /* MainMenu.h */ = {isa = PBXFileReference; lastKnownFileType = sourcecode.c.h; path = MainMenu.h; sourceTree = "<group>"; };
		264149DA205A1C7000B72655 /* MainMenu.m */ = {isa = PBXFileReference; lastKnownFileType = sourcecode.c.objc; path = MainMenu.m; sourceTree = "<group>"; };
		264149DC205A3F8B00B72655 /* PrefixHeader.pch */ = {isa = PBXFileReference; lastKnownFileType = sourcecode.c.h; path = PrefixHeader.pch; sourceTree = "<group>"; };
		26E89DA6205B8B39001C58B4 /* ToolKitDev.entitlements */ = {isa = PBXFileReference; lastKnownFileType = text.plist.entitlements; path = ToolKitDev.entitlements; sourceTree = "<group>"; };
		3C18C02C20515D460005FF38 /* ToolKit.framework */ = {isa = PBXFileReference; explicitFileType = wrapper.framework; path = ToolKit.framework; sourceTree = BUILT_PRODUCTS_DIR; };
		3C2498C52056A82700772E14 /* WebKit.framework */ = {isa = PBXFileReference; lastKnownFileType = wrapper.framework; name = WebKit.framework; path = System/Library/Frameworks/WebKit.framework; sourceTree = SDKROOT; };
		68B3F6E9534A9C3050A4FFAA /* libPods-ToolKitDev.a */ = {isa = PBXFileReference; explicitFileType = archive.ar; includeInIndex = 0; path = "libPods-ToolKitDev.a"; sourceTree = BUILT_PRODUCTS_DIR; };
		CAF8BC72EBF4A932754DFC87 /* Pods-ToolKitDev.debug.xcconfig */ = {isa = PBXFileReference; includeInIndex = 1; lastKnownFileType = text.xcconfig; name = "Pods-ToolKitDev.debug.xcconfig"; path = "Pods/Target Support Files/Pods-ToolKitDev/Pods-ToolKitDev.debug.xcconfig"; sourceTree = "<group>"; };
		D69E8DE3E7848D2ECDF05B30 /* Pods-ToolKitDev.release.xcconfig */ = {isa = PBXFileReference; includeInIndex = 1; lastKnownFileType = text.xcconfig; name = "Pods-ToolKitDev.release.xcconfig"; path = "Pods/Target Support Files/Pods-ToolKitDev/Pods-ToolKitDev.release.xcconfig"; sourceTree = "<group>"; };
/* End PBXFileReference section */

/* Begin PBXFrameworksBuildPhase section */
		029DAEDC1EB4AF29003B32AE /* Frameworks */ = {
			isa = PBXFrameworksBuildPhase;
			buildActionMask = 2147483647;
			files = (
				5417559466508A4AEE2C11B4 /* libPods-ToolKitDev.a in Frameworks */,
				3C18C02D20515D460005FF38 /* ToolKit.framework in Frameworks */,
			);
			runOnlyForDeploymentPostprocessing = 0;
		};
/* End PBXFrameworksBuildPhase section */

/* Begin PBXGroup section */
		029DAED61EB4AF29003B32AE = {
			isa = PBXGroup;
			children = (
				264149DC205A3F8B00B72655 /* PrefixHeader.pch */,
				3C18C02C20515D460005FF38 /* ToolKit.framework */,
				029DAEE11EB4AF2A003B32AE /* ToolKitDev */,
				029DAEE01EB4AF2A003B32AE /* Products */,
				02FAB9CB1EC5EAC40028C216 /* Frameworks */,
				1F6BC84D9D441178E839A0FB /* Pods */,
			);
			sourceTree = "<group>";
		};
		029DAEE01EB4AF2A003B32AE /* Products */ = {
			isa = PBXGroup;
			children = (
				029DAEDF1EB4AF2A003B32AE /* ToolKitDev.app */,
			);
			name = Products;
			sourceTree = "<group>";
		};
		029DAEE11EB4AF2A003B32AE /* ToolKitDev */ = {
			isa = PBXGroup;
			children = (
				26E89DA6205B8B39001C58B4 /* ToolKitDev.entitlements */,
				264149D8205A1C5700B72655 /* Model */,
				264149BE205A0A8E00B72655 /* Resource */,
				26414998205A096500B72655 /* Screen */,
				26414997205A081200B72655 /* Style */,
				26414996205A081200B72655 /* UI */,
				029DAEE51EB4AF2A003B32AE /* AppDelegate.h */,
				029DAEE61EB4AF2A003B32AE /* AppDelegate.m */,
				029DAEEB1EB4AF2A003B32AE /* Main.storyboard */,
				029DAEEE1EB4AF2A003B32AE /* Assets.xcassets */,
				029DAEF01EB4AF2A003B32AE /* LaunchScreen.storyboard */,
				029DAEF31EB4AF2A003B32AE /* Info.plist */,
				029DAEE21EB4AF2A003B32AE /* Supporting Files */,
			);
			path = ToolKitDev;
			sourceTree = "<group>";
		};
		029DAEE21EB4AF2A003B32AE /* Supporting Files */ = {
			isa = PBXGroup;
			children = (
				029DAEE31EB4AF2A003B32AE /* main.m */,
			);
			name = "Supporting Files";
			sourceTree = "<group>";
		};
		02FAB9CB1EC5EAC40028C216 /* Frameworks */ = {
			isa = PBXGroup;
			children = (
				3C2498C52056A82700772E14 /* WebKit.framework */,
				68B3F6E9534A9C3050A4FFAA /* libPods-ToolKitDev.a */,
			);
			name = Frameworks;
			sourceTree = "<group>";
		};
		1F6BC84D9D441178E839A0FB /* Pods */ = {
			isa = PBXGroup;
			children = (
				CAF8BC72EBF4A932754DFC87 /* Pods-ToolKitDev.debug.xcconfig */,
				D69E8DE3E7848D2ECDF05B30 /* Pods-ToolKitDev.release.xcconfig */,
			);
			name = Pods;
			sourceTree = "<group>";
		};
		26414996205A081200B72655 /* UI */ = {
			isa = PBXGroup;
			children = (
			);
			path = UI;
			sourceTree = "<group>";
		};
		26414997205A081200B72655 /* Style */ = {
			isa = PBXGroup;
			children = (
			);
			path = Style;
			sourceTree = "<group>";
		};
		26414998205A096500B72655 /* Screen */ = {
			isa = PBXGroup;
			children = (
				264149D2205A0ABC00B72655 /* scene.mainmenu */,
				26414999205A096500B72655 /* scene.setting */,
				2641499D205A096500B72655 /* scene.main */,
				264149A2205A096500B72655 /* scene.login */,
				264149A6205A096500B72655 /* scene.contents */,
				264149AD205A096500B72655 /* scene.intro */,
			);
			path = Screen;
			sourceTree = "<group>";
		};
		26414999205A096500B72655 /* scene.setting */ = {
			isa = PBXGroup;
			children = (
				2641499A205A096500B72655 /* SettingScene.h */,
				2641499B205A096500B72655 /* SettingScene.xib */,
				2641499C205A096500B72655 /* SettingScene.m */,
			);
			path = scene.setting;
			sourceTree = "<group>";
		};
		2641499D205A096500B72655 /* scene.main */ = {
			isa = PBXGroup;
			children = (
				2641499E205A096500B72655 /* MainScene.h */,
				2641499F205A096500B72655 /* MainScene.xib */,
				264149A0205A096500B72655 /* MainScene.m */,
			);
			path = scene.main;
			sourceTree = "<group>";
		};
		264149A2205A096500B72655 /* scene.login */ = {
			isa = PBXGroup;
			children = (
				264149A3205A096500B72655 /* LoginScene.xib */,
				264149A4205A096500B72655 /* LoginScene.m */,
				264149A5205A096500B72655 /* LoginScene.h */,
			);
			path = scene.login;
			sourceTree = "<group>";
		};
		264149A6205A096500B72655 /* scene.contents */ = {
			isa = PBXGroup;
			children = (
				264149A7205A096500B72655 /* CameraScene.xib */,
				264149A8205A096500B72655 /* MapScene.m */,
				264149A9205A096500B72655 /* CameraScene.h */,
				264149AA205A096500B72655 /* MapScene.xib */,
				264149AB205A096500B72655 /* MapScene.h */,
				264149AC205A096500B72655 /* CameraScene.m */,
			);
			path = scene.contents;
			sourceTree = "<group>";
		};
		264149AD205A096500B72655 /* scene.intro */ = {
			isa = PBXGroup;
			children = (
				264149AE205A096500B72655 /* IntroScene.m */,
				264149AF205A096500B72655 /* IntroScene.xib */,
				264149B0205A096500B72655 /* IntroScene.h */,
			);
			path = scene.intro;
			sourceTree = "<group>";
		};
		264149BE205A0A8E00B72655 /* Resource */ = {
			isa = PBXGroup;
			children = (
				264149CE205A0AA200B72655 /* font */,
				264149CF205A0AA200B72655 /* Menu */,
			);
			path = Resource;
			sourceTree = "<group>";
		};
		264149D2205A0ABC00B72655 /* scene.mainmenu */ = {
			isa = PBXGroup;
			children = (
				264149D3205A0ABC00B72655 /* MainMenuScene.xib */,
				264149D4205A0ABC00B72655 /* MainMenuScene.h */,
				264149D5205A0ABC00B72655 /* MainMenuScene.m */,
			);
			path = scene.mainmenu;
			sourceTree = "<group>";
		};
		264149D8205A1C5700B72655 /* Model */ = {
			isa = PBXGroup;
			children = (
				264149D9205A1C7000B72655 /* MainMenu.h */,
				264149DA205A1C7000B72655 /* MainMenu.m */,
			);
			path = Model;
			sourceTree = "<group>";
		};
/* End PBXGroup section */

/* Begin PBXNativeTarget section */
		029DAEDE1EB4AF29003B32AE /* ToolKitDev */ = {
			isa = PBXNativeTarget;
			buildConfigurationList = 029DAEF61EB4AF2A003B32AE /* Build configuration list for PBXNativeTarget "ToolKitDev" */;
			buildPhases = (
				EA4958FFF0965E8DAC5DF867 /* [CP] Check Pods Manifest.lock */,
				029DAEDB1EB4AF29003B32AE /* Sources */,
				029DAEDC1EB4AF29003B32AE /* Frameworks */,
				029DAEDD1EB4AF29003B32AE /* Resources */,
				741BFDC78A2E5A0DB50810FC /* [CP] Embed Pods Frameworks */,
				6C08902F2B64CA62290EDB77 /* [CP] Copy Pods Resources */,
				3C18C02F20515D470005FF38 /* Embed Frameworks */,
			);
			buildRules = (
			);
			dependencies = (
			);
			name = ToolKitDev;
			productName = ToolKitDev;
			productReference = 029DAEDF1EB4AF2A003B32AE /* ToolKitDev.app */;
			productType = "com.apple.product-type.application";
		};
/* End PBXNativeTarget section */

/* Begin PBXProject section */
		029DAED71EB4AF29003B32AE /* Project object */ = {
			isa = PBXProject;
			attributes = {
				LastUpgradeCheck = 0910;
				ORGANIZATIONNAME = yihyeoncheol;
				TargetAttributes = {
					029DAEDE1EB4AF29003B32AE = {
						CreatedOnToolsVersion = 8.1;
						DevelopmentTeam = HWZWGFYVDV;
						ProvisioningStyle = Automatic;
						SystemCapabilities = {
							com.apple.ApplicationGroups.iOS = {
								enabled = 0;
							};
						};
					};
				};
			};
			buildConfigurationList = 029DAEDA1EB4AF29003B32AE /* Build configuration list for PBXProject "ToolKitDev" */;
			compatibilityVersion = "Xcode 3.2";
			developmentRegion = English;
			hasScannedForEncodings = 0;
			knownRegions = (
				en,
				Base,
			);
			mainGroup = 029DAED61EB4AF29003B32AE;
			productRefGroup = 029DAEE01EB4AF2A003B32AE /* Products */;
			projectDirPath = "";
			projectRoot = "";
			targets = (
				029DAEDE1EB4AF29003B32AE /* ToolKitDev */,
			);
		};
/* End PBXProject section */

/* Begin PBXResourcesBuildPhase section */
		029DAEDD1EB4AF29003B32AE /* Resources */ = {
			isa = PBXResourcesBuildPhase;
			buildActionMask = 2147483647;
			files = (
				029DAEF21EB4AF2A003B32AE /* LaunchScreen.storyboard in Resources */,
				264149D1205A0AA200B72655 /* Menu in Resources */,
				264149B6205A096500B72655 /* LoginScene.xib in Resources */,
				264149B1205A096500B72655 /* SettingScene.xib in Resources */,
				029DAEEF1EB4AF2A003B32AE /* Assets.xcassets in Resources */,
				029DAEED1EB4AF2A003B32AE /* Main.storyboard in Resources */,
				264149BA205A096500B72655 /* MapScene.xib in Resources */,
				264149B3205A096500B72655 /* MainScene.xib in Resources */,
				264149D0205A0AA200B72655 /* font in Resources */,
				264149B8205A096500B72655 /* CameraScene.xib in Resources */,
				264149BD205A096500B72655 /* IntroScene.xib in Resources */,
				264149D6205A0ABC00B72655 /* MainMenuScene.xib in Resources */,
			);
			runOnlyForDeploymentPostprocessing = 0;
		};
/* End PBXResourcesBuildPhase section */

/* Begin PBXShellScriptBuildPhase section */
		6C08902F2B64CA62290EDB77 /* [CP] Copy Pods Resources */ = {
			isa = PBXShellScriptBuildPhase;
			buildActionMask = 2147483647;
			files = (
			);
			inputPaths = (
			);
			name = "[CP] Copy Pods Resources";
			outputPaths = (
			);
			runOnlyForDeploymentPostprocessing = 0;
			shellPath = /bin/sh;
			shellScript = "\"${SRCROOT}/Pods/Target Support Files/Pods-ToolKitDev/Pods-ToolKitDev-resources.sh\"\n";
			showEnvVarsInLog = 0;
		};
		741BFDC78A2E5A0DB50810FC /* [CP] Embed Pods Frameworks */ = {
			isa = PBXShellScriptBuildPhase;
			buildActionMask = 2147483647;
			files = (
			);
			inputPaths = (
			);
			name = "[CP] Embed Pods Frameworks";
			outputPaths = (
			);
			runOnlyForDeploymentPostprocessing = 0;
			shellPath = /bin/sh;
			shellScript = "\"${SRCROOT}/Pods/Target Support Files/Pods-ToolKitDev/Pods-ToolKitDev-frameworks.sh\"\n";
			showEnvVarsInLog = 0;
		};
		EA4958FFF0965E8DAC5DF867 /* [CP] Check Pods Manifest.lock */ = {
			isa = PBXShellScriptBuildPhase;
			buildActionMask = 2147483647;
			files = (
			);
			inputPaths = (
				"${PODS_PODFILE_DIR_PATH}/Podfile.lock",
				"${PODS_ROOT}/Manifest.lock",
			);
			name = "[CP] Check Pods Manifest.lock";
			outputPaths = (
				"$(DERIVED_FILE_DIR)/Pods-ToolKitDev-checkManifestLockResult.txt",
			);
			runOnlyForDeploymentPostprocessing = 0;
			shellPath = /bin/sh;
			shellScript = "diff \"${PODS_PODFILE_DIR_PATH}/Podfile.lock\" \"${PODS_ROOT}/Manifest.lock\" > /dev/null\nif [ $? != 0 ] ; then\n    # print error to STDERR\n    echo \"error: The sandbox is not in sync with the Podfile.lock. Run 'pod install' or update your CocoaPods installation.\" >&2\n    exit 1\nfi\n";
			showEnvVarsInLog = 0;
		};
/* End PBXShellScriptBuildPhase section */

/* Begin PBXSourcesBuildPhase section */
		029DAEDB1EB4AF29003B32AE /* Sources */ = {
			isa = PBXSourcesBuildPhase;
			buildActionMask = 2147483647;
			files = (
				029DAEE71EB4AF2A003B32AE /* AppDelegate.m in Sources */,
				264149D7205A0ABC00B72655 /* MainMenuScene.m in Sources */,
				264149BC205A096500B72655 /* IntroScene.m in Sources */,
				264149BB205A096500B72655 /* CameraScene.m in Sources */,
				264149B4205A096500B72655 /* MainScene.m in Sources */,
				264149DB205A1C7000B72655 /* MainMenu.m in Sources */,
				264149B7205A096500B72655 /* LoginScene.m in Sources */,
				264149B9205A096500B72655 /* MapScene.m in Sources */,
				264149B2205A096500B72655 /* SettingScene.m in Sources */,
				029DAEE41EB4AF2A003B32AE /* main.m in Sources */,
			);
			runOnlyForDeploymentPostprocessing = 0;
		};
/* End PBXSourcesBuildPhase section */

/* Begin PBXVariantGroup section */
		029DAEEB1EB4AF2A003B32AE /* Main.storyboard */ = {
			isa = PBXVariantGroup;
			children = (
				029DAEEC1EB4AF2A003B32AE /* Base */,
			);
			name = Main.storyboard;
			sourceTree = "<group>";
		};
		029DAEF01EB4AF2A003B32AE /* LaunchScreen.storyboard */ = {
			isa = PBXVariantGroup;
			children = (
				029DAEF11EB4AF2A003B32AE /* Base */,
			);
			name = LaunchScreen.storyboard;
			sourceTree = "<group>";
		};
/* End PBXVariantGroup section */

/* Begin XCBuildConfiguration section */
		029DAEF41EB4AF2A003B32AE /* Debug */ = {
			isa = XCBuildConfiguration;
			buildSettings = {
				ALWAYS_SEARCH_USER_PATHS = NO;
				CLANG_ANALYZER_NONNULL = YES;
				CLANG_CXX_LANGUAGE_STANDARD = "gnu++0x";
				CLANG_CXX_LIBRARY = "libc++";
				CLANG_ENABLE_MODULES = YES;
				CLANG_ENABLE_OBJC_ARC = YES;
				CLANG_WARN_BLOCK_CAPTURE_AUTORELEASING = YES;
				CLANG_WARN_BOOL_CONVERSION = YES;
				CLANG_WARN_COMMA = YES;
				CLANG_WARN_CONSTANT_CONVERSION = YES;
				CLANG_WARN_DIRECT_OBJC_ISA_USAGE = YES_ERROR;
				CLANG_WARN_DOCUMENTATION_COMMENTS = YES;
				CLANG_WARN_EMPTY_BODY = YES;
				CLANG_WARN_ENUM_CONVERSION = YES;
				CLANG_WARN_INFINITE_RECURSION = YES;
				CLANG_WARN_INT_CONVERSION = YES;
				CLANG_WARN_NON_LITERAL_NULL_CONVERSION = YES;
				CLANG_WARN_OBJC_LITERAL_CONVERSION = YES;
				CLANG_WARN_OBJC_ROOT_CLASS = YES_ERROR;
				CLANG_WARN_RANGE_LOOP_ANALYSIS = YES;
				CLANG_WARN_STRICT_PROTOTYPES = YES;
				CLANG_WARN_SUSPICIOUS_MOVE = YES;
				CLANG_WARN_SUSPICIOUS_MOVES = YES;
				CLANG_WARN_UNREACHABLE_CODE = YES;
				CLANG_WARN__DUPLICATE_METHOD_MATCH = YES;
				"CODE_SIGN_IDENTITY[sdk=iphoneos*]" = "iPhone Developer";
				COPY_PHASE_STRIP = NO;
				DEBUG_INFORMATION_FORMAT = dwarf;
				ENABLE_STRICT_OBJC_MSGSEND = YES;
				ENABLE_TESTABILITY = YES;
				GCC_C_LANGUAGE_STANDARD = gnu99;
				GCC_DYNAMIC_NO_PIC = NO;
				GCC_NO_COMMON_BLOCKS = YES;
				GCC_OPTIMIZATION_LEVEL = 0;
				GCC_PREPROCESSOR_DEFINITIONS = (
					"DEBUG=1",
					"$(inherited)",
				);
				GCC_WARN_64_TO_32_BIT_CONVERSION = YES;
				GCC_WARN_ABOUT_RETURN_TYPE = YES_ERROR;
				GCC_WARN_UNDECLARED_SELECTOR = YES;
				GCC_WARN_UNINITIALIZED_AUTOS = YES_AGGRESSIVE;
				GCC_WARN_UNUSED_FUNCTION = YES;
				GCC_WARN_UNUSED_VARIABLE = YES;
				IPHONEOS_DEPLOYMENT_TARGET = 8.0;
				MTL_ENABLE_DEBUG_INFO = YES;
				ONLY_ACTIVE_ARCH = YES;
				SDKROOT = iphoneos;
			};
			name = Debug;
		};
		029DAEF51EB4AF2A003B32AE /* Release */ = {
			isa = XCBuildConfiguration;
			buildSettings = {
				ALWAYS_SEARCH_USER_PATHS = NO;
				CLANG_ANALYZER_NONNULL = YES;
				CLANG_CXX_LANGUAGE_STANDARD = "gnu++0x";
				CLANG_CXX_LIBRARY = "libc++";
				CLANG_ENABLE_MODULES = YES;
				CLANG_ENABLE_OBJC_ARC = YES;
				CLANG_WARN_BLOCK_CAPTURE_AUTORELEASING = YES;
				CLANG_WARN_BOOL_CONVERSION = YES;
				CLANG_WARN_COMMA = YES;
				CLANG_WARN_CONSTANT_CONVERSION = YES;
				CLANG_WARN_DIRECT_OBJC_ISA_USAGE = YES_ERROR;
				CLANG_WARN_DOCUMENTATION_COMMENTS = YES;
				CLANG_WARN_EMPTY_BODY = YES;
				CLANG_WARN_ENUM_CONVERSION = YES;
				CLANG_WARN_INFINITE_RECURSION = YES;
				CLANG_WARN_INT_CONVERSION = YES;
				CLANG_WARN_NON_LITERAL_NULL_CONVERSION = YES;
				CLANG_WARN_OBJC_LITERAL_CONVERSION = YES;
				CLANG_WARN_OBJC_ROOT_CLASS = YES_ERROR;
				CLANG_WARN_RANGE_LOOP_ANALYSIS = YES;
				CLANG_WARN_STRICT_PROTOTYPES = YES;
				CLANG_WARN_SUSPICIOUS_MOVE = YES;
				CLANG_WARN_SUSPICIOUS_MOVES = YES;
				CLANG_WARN_UNREACHABLE_CODE = YES;
				CLANG_WARN__DUPLICATE_METHOD_MATCH = YES;
				"CODE_SIGN_IDENTITY[sdk=iphoneos*]" = "iPhone Developer";
				COPY_PHASE_STRIP = NO;
				DEBUG_INFORMATION_FORMAT = "dwarf-with-dsym";
				ENABLE_NS_ASSERTIONS = NO;
				ENABLE_STRICT_OBJC_MSGSEND = YES;
				GCC_C_LANGUAGE_STANDARD = gnu99;
				GCC_NO_COMMON_BLOCKS = YES;
				GCC_WARN_64_TO_32_BIT_CONVERSION = YES;
				GCC_WARN_ABOUT_RETURN_TYPE = YES_ERROR;
				GCC_WARN_UNDECLARED_SELECTOR = YES;
				GCC_WARN_UNINITIALIZED_AUTOS = YES_AGGRESSIVE;
				GCC_WARN_UNUSED_FUNCTION = YES;
				GCC_WARN_UNUSED_VARIABLE = YES;
				IPHONEOS_DEPLOYMENT_TARGET = 8.0;
				MTL_ENABLE_DEBUG_INFO = NO;
				SDKROOT = iphoneos;
				VALIDATE_PRODUCT = YES;
			};
			name = Release;
		};
		029DAEF71EB4AF2A003B32AE /* Debug */ = {
			isa = XCBuildConfiguration;
			baseConfigurationReference = CAF8BC72EBF4A932754DFC87 /* Pods-ToolKitDev.debug.xcconfig */;
			buildSettings = {
				ASSETCATALOG_COMPILER_APPICON_NAME = AppIcon;
				ASSETCATALOG_COMPILER_LAUNCHIMAGE_NAME = LaunchImage;
				CLANG_ENABLE_OBJC_ARC = YES;
				"CODE_SIGN_IDENTITY[sdk=iphoneos*]" = "iPhone Developer";
				CODE_SIGN_STYLE = Automatic;
				DEVELOPMENT_TEAM = HWZWGFYVDV;
				GCC_PREFIX_HEADER = "$(SRCROOT)/PrefixHeader.pch";
				INFOPLIST_FILE = ToolKitDev/Info.plist;
				IPHONEOS_DEPLOYMENT_TARGET = 8.0;
				LD_RUNPATH_SEARCH_PATHS = "$(inherited) @executable_path/Frameworks";
				PRODUCT_BUNDLE_IDENTIFIER = yihyeoncheol.ToolKitDev;
				PRODUCT_NAME = "$(TARGET_NAME)";
				PROVISIONING_PROFILE_SPECIFIER = "";
			};
			name = Debug;
		};
		029DAEF81EB4AF2A003B32AE /* Release */ = {
			isa = XCBuildConfiguration;
			baseConfigurationReference = D69E8DE3E7848D2ECDF05B30 /* Pods-ToolKitDev.release.xcconfig */;
			buildSettings = {
				ASSETCATALOG_COMPILER_APPICON_NAME = AppIcon;
				ASSETCATALOG_COMPILER_LAUNCHIMAGE_NAME = LaunchImage;
				CLANG_ENABLE_OBJC_ARC = YES;
				"CODE_SIGN_IDENTITY[sdk=iphoneos*]" = "iPhone Developer";
				CODE_SIGN_STYLE = Automatic;
				DEVELOPMENT_TEAM = HWZWGFYVDV;
				GCC_PREFIX_HEADER = "$(SRCROOT)/PrefixHeader.pch";
				INFOPLIST_FILE = ToolKitDev/Info.plist;
				IPHONEOS_DEPLOYMENT_TARGET = 8.0;
				LD_RUNPATH_SEARCH_PATHS = "$(inherited) @executable_path/Frameworks";
				PRODUCT_BUNDLE_IDENTIFIER = yihyeoncheol.ToolKitDev;
				PRODUCT_NAME = "$(TARGET_NAME)";
				PROVISIONING_PROFILE_SPECIFIER = "";
			};
			name = Release;
		};
/* End XCBuildConfiguration section */

/* Begin XCConfigurationList section */
		029DAEDA1EB4AF29003B32AE /* Build configuration list for PBXProject "ToolKitDev" */ = {
			isa = XCConfigurationList;
			buildConfigurations = (
				029DAEF41EB4AF2A003B32AE /* Debug */,
				029DAEF51EB4AF2A003B32AE /* Release */,
			);
			defaultConfigurationIsVisible = 0;
			defaultConfigurationName = Release;
		};
		029DAEF61EB4AF2A003B32AE /* Build configuration list for PBXNativeTarget "ToolKitDev" */ = {
			isa = XCConfigurationList;
			buildConfigurations = (
				029DAEF71EB4AF2A003B32AE /* Debug */,
				029DAEF81EB4AF2A003B32AE /* Release */,
			);
			defaultConfigurationIsVisible = 0;
			defaultConfigurationName = Release;
		};
/* End XCConfigurationList section */
	};
	rootObject = 029DAED71EB4AF29003B32AE /* Project object */;
}
